
Microsoft Visual Studio Solution File, Format Version 12.00
# Visual Studio Version 16
VisualStudioVersion = 16.0.29209.62
MinimumVisualStudioVersion = 10.0.40219.1
Project("{FAE04EC0-301F-11D3-BF4B-00C04F79EFBC}") = "GamePad Intercepts", "GamePad Intercepts\GamePad Intercepts.csproj", "{AD96A60C-3605-4CF0-AD9B-9C25DAF1377E}"
EndProject
Global
	GlobalSection(SolutionConfigurationPlatforms) = preSolution
		Debug|Any CPU = Debug|Any CPU
		Release|Any CPU = Release|Any CPU
	EndGlobalSection
	GlobalSection(ProjectConfigurationPlatforms) = postSolution
		{AD96A60C-3605-4CF0-AD9B-9C25DAF1377E}.Debug|Any CPU.ActiveCfg = Debug|Any CPU
		{AD96A60C-3605-4CF0-AD9B-9C25DAF1377E}.Debug|Any CPU.Build.0 = Debug|Any CPU
		{AD96A60C-3605-4CF0-AD9B-9C25DAF1377E}.Release|Any CPU.ActiveCfg = Release|Any CPU
		{AD96A60C-3605-4CF0-AD9B-9C25DAF1377E}.Release|Any CPU.Build.0 = Release|Any CPU
	EndGlobalSection
	GlobalSection(SolutionProperties) = preSolution
		HideSolutionNode = FALSE
	EndGlobalSection
	GlobalSection(ExtensibilityGlobals) = postSolution
		SolutionGuid = {6D32D3AD-EA50-4FC9-831B-F889E011F619}
	EndGlobalSection
EndGlobal
