
Microsoft Visual Studio Solution File, Format Version 12.00
# Visual Studio Version 16
VisualStudioVersion = 16.0.29215.179
MinimumVisualStudioVersion = 10.0.40219.1
Project("{FAE04EC0-301F-11D3-BF4B-00C04F79EFBC}") = "GamePad Intercepts Bootstrapper", "GamePad Intercepts Bootstrapper\GamePad Intercepts Bootstrapper.csproj", "{E52F851C-5525-4E6B-957A-CA1D60647E6E}"
EndProject
Global
	GlobalSection(SolutionConfigurationPlatforms) = preSolution
		Debug|Any CPU = Debug|Any CPU
		Release|Any CPU = Release|Any CPU
	EndGlobalSection
	GlobalSection(ProjectConfigurationPlatforms) = postSolution
		{E52F851C-5525-4E6B-957A-CA1D60647E6E}.Debug|Any CPU.ActiveCfg = Debug|Any CPU
		{E52F851C-5525-4E6B-957A-CA1D60647E6E}.Debug|Any CPU.Build.0 = Debug|Any CPU
		{E52F851C-5525-4E6B-957A-CA1D60647E6E}.Release|Any CPU.ActiveCfg = Release|Any CPU
		{E52F851C-5525-4E6B-957A-CA1D60647E6E}.Release|Any CPU.Build.0 = Release|Any CPU
	EndGlobalSection
	GlobalSection(SolutionProperties) = preSolution
		HideSolutionNode = FALSE
	EndGlobalSection
	GlobalSection(ExtensibilityGlobals) = postSolution
		SolutionGuid = {654A54DC-89A7-4551-AEED-94AD023A0FE9}
	EndGlobalSection
EndGlobal
